
Microsoft Visual Studio Solution File, Format Version 12.00
# Visual Studio Version 17
VisualStudioVersion = 17.7.34221.43
MinimumVisualStudioVersion = 10.0.40219.1
Project("{FAE04EC0-301F-11D3-BF4B-00C04F79EFBC}") = "Lab2 Testy", "Lab2 Testy\Lab2 Testy.csproj", "{0B3966C5-CE36-44CC-BD9B-706A3EDC74AF}"
EndProject
Project("{FAE04EC0-301F-11D3-BF4B-00C04F79EFBC}") = "TestProject1", "TestProject1\TestProject1.csproj", "{1536E1C0-E24F-47CD-A822-B0D2C289A4BA}"
EndProject
Global
	GlobalSection(SolutionConfigurationPlatforms) = preSolution
		Debug|Any CPU = Debug|Any CPU
		Release|Any CPU = Release|Any CPU
	EndGlobalSection
	GlobalSection(ProjectConfigurationPlatforms) = postSolution
		{0B3966C5-CE36-44CC-BD9B-706A3EDC74AF}.Debug|Any CPU.ActiveCfg = Debug|Any CPU
		{0B3966C5-CE36-44CC-BD9B-706A3EDC74AF}.Debug|Any CPU.Build.0 = Debug|Any CPU
		{0B3966C5-CE36-44CC-BD9B-706A3EDC74AF}.Release|Any CPU.ActiveCfg = Release|Any CPU
		{0B3966C5-CE36-44CC-BD9B-706A3EDC74AF}.Release|Any CPU.Build.0 = Release|Any CPU
		{1536E1C0-E24F-47CD-A822-B0D2C289A4BA}.Debug|Any CPU.ActiveCfg = Debug|Any CPU
		{1536E1C0-E24F-47CD-A822-B0D2C289A4BA}.Debug|Any CPU.Build.0 = Debug|Any CPU
		{1536E1C0-E24F-47CD-A822-B0D2C289A4BA}.Release|Any CPU.ActiveCfg = Release|Any CPU
		{1536E1C0-E24F-47CD-A822-B0D2C289A4BA}.Release|Any CPU.Build.0 = Release|Any CPU
	EndGlobalSection
	GlobalSection(SolutionProperties) = preSolution
		HideSolutionNode = FALSE
	EndGlobalSection
	GlobalSection(ExtensibilityGlobals) = postSolution
		SolutionGuid = {3501C5B5-F8B1-425F-BF91-B742AF4E1C1A}
	EndGlobalSection
EndGlobal
